
Microsoft Visual Studio Solution File, Format Version 12.00
# Visual Studio Version 17
VisualStudioVersion = 17.0.31903.59
MinimumVisualStudioVersion = 10.0.40219.1
Project("{FAE04EC0-301F-11D3-BF4B-00C04F79EFBC}") = "Mailer", "Mailer\Mailer.csproj", "{7DE56471-2F88-4574-A603-A3CCC3EBD80E}"
EndProject
Project("{FAE04EC0-301F-11D3-BF4B-00C04F79EFBC}") = "Test", "Test\Test.csproj", "{9EF0D23F-90DA-4692-97D0-4056DA9E0CCA}"
EndProject
Project("{FAE04EC0-301F-11D3-BF4B-00C04F79EFBC}") = "MailScheduler", "MailScheduler\MailScheduler.csproj", "{C70E5CF4-F35D-4B43-8FC9-CB5D2F54D8F6}"
EndProject
Global
	GlobalSection(SolutionConfigurationPlatforms) = preSolution
		Debug|Any CPU = Debug|Any CPU
		Release|Any CPU = Release|Any CPU
	EndGlobalSection
	GlobalSection(SolutionProperties) = preSolution
		HideSolutionNode = FALSE
	EndGlobalSection
	GlobalSection(ProjectConfigurationPlatforms) = postSolution
		{7DE56471-2F88-4574-A603-A3CCC3EBD80E}.Debug|Any CPU.ActiveCfg = Debug|Any CPU
		{7DE56471-2F88-4574-A603-A3CCC3EBD80E}.Debug|Any CPU.Build.0 = Debug|Any CPU
		{7DE56471-2F88-4574-A603-A3CCC3EBD80E}.Release|Any CPU.ActiveCfg = Release|Any CPU
		{7DE56471-2F88-4574-A603-A3CCC3EBD80E}.Release|Any CPU.Build.0 = Release|Any CPU
		{9EF0D23F-90DA-4692-97D0-4056DA9E0CCA}.Debug|Any CPU.ActiveCfg = Debug|Any CPU
		{9EF0D23F-90DA-4692-97D0-4056DA9E0CCA}.Debug|Any CPU.Build.0 = Debug|Any CPU
		{9EF0D23F-90DA-4692-97D0-4056DA9E0CCA}.Release|Any CPU.ActiveCfg = Release|Any CPU
		{9EF0D23F-90DA-4692-97D0-4056DA9E0CCA}.Release|Any CPU.Build.0 = Release|Any CPU
		{C70E5CF4-F35D-4B43-8FC9-CB5D2F54D8F6}.Debug|Any CPU.ActiveCfg = Debug|Any CPU
		{C70E5CF4-F35D-4B43-8FC9-CB5D2F54D8F6}.Debug|Any CPU.Build.0 = Debug|Any CPU
		{C70E5CF4-F35D-4B43-8FC9-CB5D2F54D8F6}.Release|Any CPU.ActiveCfg = Release|Any CPU
		{C70E5CF4-F35D-4B43-8FC9-CB5D2F54D8F6}.Release|Any CPU.Build.0 = Release|Any CPU
	EndGlobalSection
EndGlobal
